
Microsoft Visual Studio Solution File, Format Version 12.00
# Visual Studio Version 17
VisualStudioVersion = 17.7.34024.191
MinimumVisualStudioVersion = 10.0.40219.1
Project("{FAE04EC0-301F-11D3-BF4B-00C04F79EFBC}") = "DFSBFS", "ConnectedComponents\DFSBFS.csproj", "{9543263D-A2D2-4ACD-9E1A-30570F344688}"
EndProject
Project("{9A19103F-16F7-4668-BE54-9A1E7A4F7556}") = "ConectedComponents", "ConectedComponents\ConectedComponents.csproj", "{0D0BC2A5-F079-4302-9E91-2E1AA3EEF0F7}"
EndProject
Project("{FAE04EC0-301F-11D3-BF4B-00C04F79EFBC}") = "DFSTopologicalSorting", "DFSTopologicalSorting\DFSTopologicalSorting.csproj", "{D8DC3423-C1C6-43E0-9FC4-ACCD437B13EB}"
EndProject
Project("{FAE04EC0-301F-11D3-BF4B-00C04F79EFBC}") = "SourceRemovelTopologicalSorting", "SourceRemovelTopologicalSorting\SourceRemovelTopologicalSorting.csproj", "{37DB7F5A-6724-49B2-99FD-AC7B358F860D}"
EndProject
Project("{FAE04EC0-301F-11D3-BF4B-00C04F79EFBC}") = "ShortedPathInUnweightedGraph", "ShortedPathInUnweightedGraph\ShortedPathInUnweightedGraph.csproj", "{7E9DAC1E-64A5-40B9-853F-FBEEAB267E47}"
EndProject
Global
	GlobalSection(SolutionConfigurationPlatforms) = preSolution
		Debug|Any CPU = Debug|Any CPU
		Release|Any CPU = Release|Any CPU
	EndGlobalSection
	GlobalSection(ProjectConfigurationPlatforms) = postSolution
		{9543263D-A2D2-4ACD-9E1A-30570F344688}.Debug|Any CPU.ActiveCfg = Debug|Any CPU
		{9543263D-A2D2-4ACD-9E1A-30570F344688}.Debug|Any CPU.Build.0 = Debug|Any CPU
		{9543263D-A2D2-4ACD-9E1A-30570F344688}.Release|Any CPU.ActiveCfg = Release|Any CPU
		{9543263D-A2D2-4ACD-9E1A-30570F344688}.Release|Any CPU.Build.0 = Release|Any CPU
		{0D0BC2A5-F079-4302-9E91-2E1AA3EEF0F7}.Debug|Any CPU.ActiveCfg = Debug|Any CPU
		{0D0BC2A5-F079-4302-9E91-2E1AA3EEF0F7}.Debug|Any CPU.Build.0 = Debug|Any CPU
		{0D0BC2A5-F079-4302-9E91-2E1AA3EEF0F7}.Release|Any CPU.ActiveCfg = Release|Any CPU
		{0D0BC2A5-F079-4302-9E91-2E1AA3EEF0F7}.Release|Any CPU.Build.0 = Release|Any CPU
		{D8DC3423-C1C6-43E0-9FC4-ACCD437B13EB}.Debug|Any CPU.ActiveCfg = Debug|Any CPU
		{D8DC3423-C1C6-43E0-9FC4-ACCD437B13EB}.Debug|Any CPU.Build.0 = Debug|Any CPU
		{D8DC3423-C1C6-43E0-9FC4-ACCD437B13EB}.Release|Any CPU.ActiveCfg = Release|Any CPU
		{D8DC3423-C1C6-43E0-9FC4-ACCD437B13EB}.Release|Any CPU.Build.0 = Release|Any CPU
		{37DB7F5A-6724-49B2-99FD-AC7B358F860D}.Debug|Any CPU.ActiveCfg = Debug|Any CPU
		{37DB7F5A-6724-49B2-99FD-AC7B358F860D}.Debug|Any CPU.Build.0 = Debug|Any CPU
		{37DB7F5A-6724-49B2-99FD-AC7B358F860D}.Release|Any CPU.ActiveCfg = Release|Any CPU
		{37DB7F5A-6724-49B2-99FD-AC7B358F860D}.Release|Any CPU.Build.0 = Release|Any CPU
		{7E9DAC1E-64A5-40B9-853F-FBEEAB267E47}.Debug|Any CPU.ActiveCfg = Debug|Any CPU
		{7E9DAC1E-64A5-40B9-853F-FBEEAB267E47}.Debug|Any CPU.Build.0 = Debug|Any CPU
		{7E9DAC1E-64A5-40B9-853F-FBEEAB267E47}.Release|Any CPU.ActiveCfg = Release|Any CPU
		{7E9DAC1E-64A5-40B9-853F-FBEEAB267E47}.Release|Any CPU.Build.0 = Release|Any CPU
	EndGlobalSection
	GlobalSection(SolutionProperties) = preSolution
		HideSolutionNode = FALSE
	EndGlobalSection
	GlobalSection(ExtensibilityGlobals) = postSolution
		SolutionGuid = {4670ACC5-E91F-4C74-ABDE-71325923CCD6}
	EndGlobalSection
EndGlobal
