
Microsoft Visual Studio Solution File, Format Version 12.00
# Visual Studio Version 17
VisualStudioVersion = 17.7.34024.191
MinimumVisualStudioVersion = 10.0.40219.1
Project("{FAE04EC0-301F-11D3-BF4B-00C04F79EFBC}") = "BinarySearch", "BinarySearch\BinarySearch.csproj", "{80533E19-4E7A-4649-B1F2-BD0A9FB38ECA}"
EndProject
Project("{FAE04EC0-301F-11D3-BF4B-00C04F79EFBC}") = "SelectionSort", "SelectionSort\SelectionSort.csproj", "{7BD6CFCA-79BC-4ED8-9523-DCCC0E6539AB}"
EndProject
Global
	GlobalSection(SolutionConfigurationPlatforms) = preSolution
		Debug|Any CPU = Debug|Any CPU
		Release|Any CPU = Release|Any CPU
	EndGlobalSection
	GlobalSection(ProjectConfigurationPlatforms) = postSolution
		{80533E19-4E7A-4649-B1F2-BD0A9FB38ECA}.Debug|Any CPU.ActiveCfg = Debug|Any CPU
		{80533E19-4E7A-4649-B1F2-BD0A9FB38ECA}.Debug|Any CPU.Build.0 = Debug|Any CPU
		{80533E19-4E7A-4649-B1F2-BD0A9FB38ECA}.Release|Any CPU.ActiveCfg = Release|Any CPU
		{80533E19-4E7A-4649-B1F2-BD0A9FB38ECA}.Release|Any CPU.Build.0 = Release|Any CPU
		{7BD6CFCA-79BC-4ED8-9523-DCCC0E6539AB}.Debug|Any CPU.ActiveCfg = Debug|Any CPU
		{7BD6CFCA-79BC-4ED8-9523-DCCC0E6539AB}.Debug|Any CPU.Build.0 = Debug|Any CPU
		{7BD6CFCA-79BC-4ED8-9523-DCCC0E6539AB}.Release|Any CPU.ActiveCfg = Release|Any CPU
		{7BD6CFCA-79BC-4ED8-9523-DCCC0E6539AB}.Release|Any CPU.Build.0 = Release|Any CPU
	EndGlobalSection
	GlobalSection(SolutionProperties) = preSolution
		HideSolutionNode = FALSE
	EndGlobalSection
	GlobalSection(ExtensibilityGlobals) = postSolution
		SolutionGuid = {327C12C9-095C-42A5-B83C-18A390636302}
	EndGlobalSection
EndGlobal
